// !$*UTF8*$!
{
	archiveVersion = 1;
	classes = {
	};
	objectVersion = 50;
	objects = {

/* Begin PBXBuildFile section */
		9469C9132517513800ED56FC /* AppDelegate.swift in Sources */ = {isa = PBXBuildFile; fileRef = 9469C9122517513800ED56FC /* AppDelegate.swift */; };
		9469C9152517513800ED56FC /* SceneDelegate.swift in Sources */ = {isa = PBXBuildFile; fileRef = 9469C9142517513800ED56FC /* SceneDelegate.swift */; };
		9469C9172517513800ED56FC /* ViewController.swift in Sources */ = {isa = PBXBuildFile; fileRef = 9469C9162517513800ED56FC /* ViewController.swift */; };
		9469C91A2517513800ED56FC /* Main.storyboard in Resources */ = {isa = PBXBuildFile; fileRef = 9469C9182517513800ED56FC /* Main.storyboard */; };
		9469C91C2517513900ED56FC /* Assets.xcassets in Resources */ = {isa = PBXBuildFile; fileRef = 9469C91B2517513900ED56FC /* Assets.xcassets */; };
		9469C91F2517513900ED56FC /* LaunchScreen.storyboard in Resources */ = {isa = PBXBuildFile; fileRef = 9469C91D2517513900ED56FC /* LaunchScreen.storyboard */; };
		9469C92A2517513900ED56FC /* TableViewDemo2Tests.swift in Sources */ = {isa = PBXBuildFile; fileRef = 9469C9292517513900ED56FC /* TableViewDemo2Tests.swift */; };
		9469C9352517513900ED56FC /* TableViewDemo2UITests.swift in Sources */ = {isa = PBXBuildFile; fileRef = 9469C9342517513900ED56FC /* TableViewDemo2UITests.swift */; };
		9469C9472517556300ED56FC /* TableViewItemCell.swift in Sources */ = {isa = PBXBuildFile; fileRef = 9469C9452517556300ED56FC /* TableViewItemCell.swift */; };
		9469C9482517556300ED56FC /* TableViewItemCell.xib in Resources */ = {isa = PBXBuildFile; fileRef = 9469C9462517556300ED56FC /* TableViewItemCell.xib */; };
		9469C94E2517567A00ED56FC /* TableViewFooterCell.swift in Sources */ = {isa = PBXBuildFile; fileRef = 9469C94C2517567A00ED56FC /* TableViewFooterCell.swift */; };
		9469C94F2517567A00ED56FC /* TableViewFooterCell.xib in Resources */ = {isa = PBXBuildFile; fileRef = 9469C94D2517567A00ED56FC /* TableViewFooterCell.xib */; };
/* End PBXBuildFile section */

/* Begin PBXContainerItemProxy section */
		9469C9262517513900ED56FC /* PBXContainerItemProxy */ = {
			isa = PBXContainerItemProxy;
			containerPortal = 9469C9072517513800ED56FC /* Project object */;
			proxyType = 1;
			remoteGlobalIDString = 9469C90E2517513800ED56FC;
			remoteInfo = TableViewDemo2;
		};
		9469C9312517513900ED56FC /* PBXContainerItemProxy */ = {
			isa = PBXContainerItemProxy;
			containerPortal = 9469C9072517513800ED56FC /* Project object */;
			proxyType = 1;
			remoteGlobalIDString = 9469C90E2517513800ED56FC;
			remoteInfo = TableViewDemo2;
		};
/* End PBXContainerItemProxy section */

/* Begin PBXFileReference section */
		9469C90F2517513800ED56FC /* TableViewDemo2.app */ = {isa = PBXFileReference; explicitFileType = wrapper.application; includeInIndex = 0; path = TableViewDemo2.app; sourceTree = BUILT_PRODUCTS_DIR; };
		9469C9122517513800ED56FC /* AppDelegate.swift */ = {isa = PBXFileReference; lastKnownFileType = sourcecode.swift; path = AppDelegate.swift; sourceTree = "<group>"; };
		9469C9142517513800ED56FC /* SceneDelegate.swift */ = {isa = PBXFileReference; lastKnownFileType = sourcecode.swift; path = SceneDelegate.swift; sourceTree = "<group>"; };
		9469C9162517513800ED56FC /* ViewController.swift */ = {isa = PBXFileReference; lastKnownFileType = sourcecode.swift; path = ViewController.swift; sourceTree = "<group>"; };
		9469C9192517513800ED56FC /* Base */ = {isa = PBXFileReference; lastKnownFileType = file.storyboard; name = Base; path = Base.lproj/Main.storyboard; sourceTree = "<group>"; };
		9469C91B2517513900ED56FC /* Assets.xcassets */ = {isa = PBXFileReference; lastKnownFileType = folder.assetcatalog; path = Assets.xcassets; sourceTree = "<group>"; };
		9469C91E2517513900ED56FC /* Base */ = {isa = PBXFileReference; lastKnownFileType = file.storyboard; name = Base; path = Base.lproj/LaunchScreen.storyboard; sourceTree = "<group>"; };
		9469C9202517513900ED56FC /* Info.plist */ = {isa = PBXFileReference; lastKnownFileType = text.plist.xml; path = Info.plist; sourceTree = "<group>"; };
		9469C9252517513900ED56FC /* TableViewDemo2Tests.xctest */ = {isa = PBXFileReference; explicitFileType = wrapper.cfbundle; includeInIndex = 0; path = TableViewDemo2Tests.xctest; sourceTree = BUILT_PRODUCTS_DIR; };
		9469C9292517513900ED56FC /* TableViewDemo2Tests.swift */ = {isa = PBXFileReference; lastKnownFileType = sourcecode.swift; path = TableViewDemo2Tests.swift; sourceTree = "<group>"; };
		9469C92B2517513900ED56FC /* Info.plist */ = {isa = PBXFileReference; lastKnownFileType = text.plist.xml; path = Info.plist; sourceTree = "<group>"; };
		9469C9302517513900ED56FC /* TableViewDemo2UITests.xctest */ = {isa = PBXFileReference; explicitFileType = wrapper.cfbundle; includeInIndex = 0; path = TableViewDemo2UITests.xctest; sourceTree = BUILT_PRODUCTS_DIR; };
		9469C9342517513900ED56FC /* TableViewDemo2UITests.swift */ = {isa = PBXFileReference; lastKnownFileType = sourcecode.swift; path = TableViewDemo2UITests.swift; sourceTree = "<group>"; };
		9469C9362517513900ED56FC /* Info.plist */ = {isa = PBXFileReference; lastKnownFileType = text.plist.xml; path = Info.plist; sourceTree = "<group>"; };
		9469C9452517556300ED56FC /* TableViewItemCell.swift */ = {isa = PBXFileReference; lastKnownFileType = sourcecode.swift; path = TableViewItemCell.swift; sourceTree = "<group>"; };
		9469C9462517556300ED56FC /* TableViewItemCell.xib */ = {isa = PBXFileReference; lastKnownFileType = file.xib; path = TableViewItemCell.xib; sourceTree = "<group>"; };
		9469C94C2517567A00ED56FC /* TableViewFooterCell.swift */ = {isa = PBXFileReference; lastKnownFileType = sourcecode.swift; path = TableViewFooterCell.swift; sourceTree = "<group>"; };
		9469C94D2517567A00ED56FC /* TableViewFooterCell.xib */ = {isa = PBXFileReference; lastKnownFileType = file.xib; path = TableViewFooterCell.xib; sourceTree = "<group>"; };
/* End PBXFileReference section */

/* Begin PBXFrameworksBuildPhase section */
		9469C90C2517513800ED56FC /* Frameworks */ = {
			isa = PBXFrameworksBuildPhase;
			buildActionMask = 2147483647;
			files = (
			);
			runOnlyForDeploymentPostprocessing = 0;
		};
		9469C9222517513900ED56FC /* Frameworks */ = {
			isa = PBXFrameworksBuildPhase;
			buildActionMask = 2147483647;
			files = (
			);
			runOnlyForDeploymentPostprocessing = 0;
		};
		9469C92D2517513900ED56FC /* Frameworks */ = {
			isa = PBXFrameworksBuildPhase;
			buildActionMask = 2147483647;
			files = (
			);
			runOnlyForDeploymentPostprocessing = 0;
		};
/* End PBXFrameworksBuildPhase section */

/* Begin PBXGroup section */
		9469C9062517513800ED56FC = {
			isa = PBXGroup;
			children = (
				9469C9112517513800ED56FC /* TableViewDemo2 */,
				9469C9282517513900ED56FC /* TableViewDemo2Tests */,
				9469C9332517513900ED56FC /* TableViewDemo2UITests */,
				9469C9102517513800ED56FC /* Products */,
			);
			sourceTree = "<group>";
		};
		9469C9102517513800ED56FC /* Products */ = {
			isa = PBXGroup;
			children = (
				9469C90F2517513800ED56FC /* TableViewDemo2.app */,
				9469C9252517513900ED56FC /* TableViewDemo2Tests.xctest */,
				9469C9302517513900ED56FC /* TableViewDemo2UITests.xctest */,
			);
			name = Products;
			sourceTree = "<group>";
		};
		9469C9112517513800ED56FC /* TableViewDemo2 */ = {
			isa = PBXGroup;
			children = (
				9469C9122517513800ED56FC /* AppDelegate.swift */,
				9469C9142517513800ED56FC /* SceneDelegate.swift */,
				9469C9162517513800ED56FC /* ViewController.swift */,
				9469C9182517513800ED56FC /* Main.storyboard */,
				9469C91B2517513900ED56FC /* Assets.xcassets */,
				9469C91D2517513900ED56FC /* LaunchScreen.storyboard */,
				9469C9202517513900ED56FC /* Info.plist */,
				9469C9452517556300ED56FC /* TableViewItemCell.swift */,
				9469C9462517556300ED56FC /* TableViewItemCell.xib */,
				9469C94C2517567A00ED56FC /* TableViewFooterCell.swift */,
				9469C94D2517567A00ED56FC /* TableViewFooterCell.xib */,
			);
			path = TableViewDemo2;
			sourceTree = "<group>";
		};
		9469C9282517513900ED56FC /* TableViewDemo2Tests */ = {
			isa = PBXGroup;
			children = (
				9469C9292517513900ED56FC /* TableViewDemo2Tests.swift */,
				9469C92B2517513900ED56FC /* Info.plist */,
			);
			path = TableViewDemo2Tests;
			sourceTree = "<group>";
		};
		9469C9332517513900ED56FC /* TableViewDemo2UITests */ = {
			isa = PBXGroup;
			children = (
				9469C9342517513900ED56FC /* TableViewDemo2UITests.swift */,
				9469C9362517513900ED56FC /* Info.plist */,
			);
			path = TableViewDemo2UITests;
			sourceTree = "<group>";
		};
/* End PBXGroup section */

/* Begin PBXNativeTarget section */
		9469C90E2517513800ED56FC /* TableViewDemo2 */ = {
			isa = PBXNativeTarget;
			buildConfigurationList = 9469C9392517513900ED56FC /* Build configuration list for PBXNativeTarget "TableViewDemo2" */;
			buildPhases = (
				9469C90B2517513800ED56FC /* Sources */,
				9469C90C2517513800ED56FC /* Frameworks */,
				9469C90D2517513800ED56FC /* Resources */,
			);
			buildRules = (
			);
			dependencies = (
			);
			name = TableViewDemo2;
			productName = TableViewDemo2;
			productReference = 9469C90F2517513800ED56FC /* TableViewDemo2.app */;
			productType = "com.apple.product-type.application";
		};
		9469C9242517513900ED56FC /* TableViewDemo2Tests */ = {
			isa = PBXNativeTarget;
			buildConfigurationList = 9469C93C2517513900ED56FC /* Build configuration list for PBXNativeTarget "TableViewDemo2Tests" */;
			buildPhases = (
				9469C9212517513900ED56FC /* Sources */,
				9469C9222517513900ED56FC /* Frameworks */,
				9469C9232517513900ED56FC /* Resources */,
			);
			buildRules = (
			);
			dependencies = (
				9469C9272517513900ED56FC /* PBXTargetDependency */,
			);
			name = TableViewDemo2Tests;
			productName = TableViewDemo2Tests;
			productReference = 9469C9252517513900ED56FC /* TableViewDemo2Tests.xctest */;
			productType = "com.apple.product-type.bundle.unit-test";
		};
		9469C92F2517513900ED56FC /* TableViewDemo2UITests */ = {
			isa = PBXNativeTarget;
			buildConfigurationList = 9469C93F2517513900ED56FC /* Build configuration list for PBXNativeTarget "TableViewDemo2UITests" */;
			buildPhases = (
				9469C92C2517513900ED56FC /* Sources */,
				9469C92D2517513900ED56FC /* Frameworks */,
				9469C92E2517513900ED56FC /* Resources */,
			);
			buildRules = (
			);
			dependencies = (
				9469C9322517513900ED56FC /* PBXTargetDependency */,
			);
			name = TableViewDemo2UITests;
			productName = TableViewDemo2UITests;
			productReference = 9469C9302517513900ED56FC /* TableViewDemo2UITests.xctest */;
			productType = "com.apple.product-type.bundle.ui-testing";
		};
/* End PBXNativeTarget section */

/* Begin PBXProject section */
		9469C9072517513800ED56FC /* Project object */ = {
			isa = PBXProject;
			attributes = {
				LastSwiftUpdateCheck = 1200;
				LastUpgradeCheck = 1200;
				TargetAttributes = {
					9469C90E2517513800ED56FC = {
						CreatedOnToolsVersion = 12.0;
					};
					9469C9242517513900ED56FC = {
						CreatedOnToolsVersion = 12.0;
						TestTargetID = 9469C90E2517513800ED56FC;
					};
					9469C92F2517513900ED56FC = {
						CreatedOnToolsVersion = 12.0;
						TestTargetID = 9469C90E2517513800ED56FC;
					};
				};
			};
			buildConfigurationList = 9469C90A2517513800ED56FC /* Build configuration list for PBXProject "TableViewDemo2" */;
			compatibilityVersion = "Xcode 9.3";
			developmentRegion = en;
			hasScannedForEncodings = 0;
			knownRegions = (
				en,
				Base,
			);
			mainGroup = 9469C9062517513800ED56FC;
			productRefGroup = 9469C9102517513800ED56FC /* Products */;
			projectDirPath = "";
			projectRoot = "";
			targets = (
				9469C90E2517513800ED56FC /* TableViewDemo2 */,
				9469C9242517513900ED56FC /* TableViewDemo2Tests */,
				9469C92F2517513900ED56FC /* TableViewDemo2UITests */,
			);
		};
/* End PBXProject section */

/* Begin PBXResourcesBuildPhase section */
		9469C90D2517513800ED56FC /* Resources */ = {
			isa = PBXResourcesBuildPhase;
			buildActionMask = 2147483647;
			files = (
				9469C9482517556300ED56FC /* TableViewItemCell.xib in Resources */,
				9469C91F2517513900ED56FC /* LaunchScreen.storyboard in Resources */,
				9469C91C2517513900ED56FC /* Assets.xcassets in Resources */,
				9469C94F2517567A00ED56FC /* TableViewFooterCell.xib in Resources */,
				9469C91A2517513800ED56FC /* Main.storyboard in Resources */,
			);
			runOnlyForDeploymentPostprocessing = 0;
		};
		9469C9232517513900ED56FC /* Resources */ = {
			isa = PBXResourcesBuildPhase;
			buildActionMask = 2147483647;
			files = (
			);
			runOnlyForDeploymentPostprocessing = 0;
		};
		9469C92E2517513900ED56FC /* Resources */ = {
			isa = PBXResourcesBuildPhase;
			buildActionMask = 2147483647;
			files = (
			);
			runOnlyForDeploymentPostprocessing = 0;
		};
/* End PBXResourcesBuildPhase section */

/* Begin PBXSourcesBuildPhase section */
		9469C90B2517513800ED56FC /* Sources */ = {
			isa = PBXSourcesBuildPhase;
			buildActionMask = 2147483647;
			files = (
				9469C9472517556300ED56FC /* TableViewItemCell.swift in Sources */,
				9469C94E2517567A00ED56FC /* TableViewFooterCell.swift in Sources */,
				9469C9172517513800ED56FC /* ViewController.swift in Sources */,
				9469C9132517513800ED56FC /* AppDelegate.swift in Sources */,
				9469C9152517513800ED56FC /* SceneDelegate.swift in Sources */,
			);
			runOnlyForDeploymentPostprocessing = 0;
		};
		9469C9212517513900ED56FC /* Sources */ = {
			isa = PBXSourcesBuildPhase;
			buildActionMask = 2147483647;
			files = (
				9469C92A2517513900ED56FC /* TableViewDemo2Tests.swift in Sources */,
			);
			runOnlyForDeploymentPostprocessing = 0;
		};
		9469C92C2517513900ED56FC /* Sources */ = {
			isa = PBXSourcesBuildPhase;
			buildActionMask = 2147483647;
			files = (
				9469C9352517513900ED56FC /* TableViewDemo2UITests.swift in Sources */,
			);
			runOnlyForDeploymentPostprocessing = 0;
		};
/* End PBXSourcesBuildPhase section */

/* Begin PBXTargetDependency section */
		9469C9272517513900ED56FC /* PBXTargetDependency */ = {
			isa = PBXTargetDependency;
			target = 9469C90E2517513800ED56FC /* TableViewDemo2 */;
			targetProxy = 9469C9262517513900ED56FC /* PBXContainerItemProxy */;
		};
		9469C9322517513900ED56FC /* PBXTargetDependency */ = {
			isa = PBXTargetDependency;
			target = 9469C90E2517513800ED56FC /* TableViewDemo2 */;
			targetProxy = 9469C9312517513900ED56FC /* PBXContainerItemProxy */;
		};
/* End PBXTargetDependency section */

/* Begin PBXVariantGroup section */
		9469C9182517513800ED56FC /* Main.storyboard */ = {
			isa = PBXVariantGroup;
			children = (
				9469C9192517513800ED56FC /* Base */,
			);
			name = Main.storyboard;
			sourceTree = "<group>";
		};
		9469C91D2517513900ED56FC /* LaunchScreen.storyboard */ = {
			isa = PBXVariantGroup;
			children = (
				9469C91E2517513900ED56FC /* Base */,
			);
			name = LaunchScreen.storyboard;
			sourceTree = "<group>";
		};
/* End PBXVariantGroup section */

/* Begin XCBuildConfiguration section */
		9469C9372517513900ED56FC /* Debug */ = {
			isa = XCBuildConfiguration;
			buildSettings = {
				ALWAYS_SEARCH_USER_PATHS = NO;
				CLANG_ANALYZER_NONNULL = YES;
				CLANG_ANALYZER_NUMBER_OBJECT_CONVERSION = YES_AGGRESSIVE;
				CLANG_CXX_LANGUAGE_STANDARD = "gnu++14";
				CLANG_CXX_LIBRARY = "libc++";
				CLANG_ENABLE_MODULES = YES;
				CLANG_ENABLE_OBJC_ARC = YES;
				CLANG_ENABLE_OBJC_WEAK = YES;
				CLANG_WARN_BLOCK_CAPTURE_AUTORELEASING = YES;
				CLANG_WARN_BOOL_CONVERSION = YES;
				CLANG_WARN_COMMA = YES;
				CLANG_WARN_CONSTANT_CONVERSION = YES;
				CLANG_WARN_DEPRECATED_OBJC_IMPLEMENTATIONS = YES;
				CLANG_WARN_DIRECT_OBJC_ISA_USAGE = YES_ERROR;
				CLANG_WARN_DOCUMENTATION_COMMENTS = YES;
				CLANG_WARN_EMPTY_BODY = YES;
				CLANG_WARN_ENUM_CONVERSION = YES;
				CLANG_WARN_INFINITE_RECURSION = YES;
				CLANG_WARN_INT_CONVERSION = YES;
				CLANG_WARN_NON_LITERAL_NULL_CONVERSION = YES;
				CLANG_WARN_OBJC_IMPLICIT_RETAIN_SELF = YES;
				CLANG_WARN_OBJC_LITERAL_CONVERSION = YES;
				CLANG_WARN_OBJC_ROOT_CLASS = YES_ERROR;
				CLANG_WARN_QUOTED_INCLUDE_IN_FRAMEWORK_HEADER = YES;
				CLANG_WARN_RANGE_LOOP_ANALYSIS = YES;
				CLANG_WARN_STRICT_PROTOTYPES = YES;
				CLANG_WARN_SUSPICIOUS_MOVE = YES;
				CLANG_WARN_UNGUARDED_AVAILABILITY = YES_AGGRESSIVE;
				CLANG_WARN_UNREACHABLE_CODE = YES;
				CLANG_WARN__DUPLICATE_METHOD_MATCH = YES;
				COPY_PHASE_STRIP = NO;
				DEBUG_INFORMATION_FORMAT = dwarf;
				ENABLE_STRICT_OBJC_MSGSEND = YES;
				ENABLE_TESTABILITY = YES;
				GCC_C_LANGUAGE_STANDARD = gnu11;
				GCC_DYNAMIC_NO_PIC = NO;
				GCC_NO_COMMON_BLOCKS = YES;
				GCC_OPTIMIZATION_LEVEL = 0;
				GCC_PREPROCESSOR_DEFINITIONS = (
					"DEBUG=1",
					"$(inherited)",
				);
				GCC_WARN_64_TO_32_BIT_CONVERSION = YES;
				GCC_WARN_ABOUT_RETURN_TYPE = YES_ERROR;
				GCC_WARN_UNDECLARED_SELECTOR = YES;
				GCC_WARN_UNINITIALIZED_AUTOS = YES_AGGRESSIVE;
				GCC_WARN_UNUSED_FUNCTION = YES;
				GCC_WARN_UNUSED_VARIABLE = YES;
				IPHONEOS_DEPLOYMENT_TARGET = 14.0;
				MTL_ENABLE_DEBUG_INFO = INCLUDE_SOURCE;
				MTL_FAST_MATH = YES;
				ONLY_ACTIVE_ARCH = YES;
				SDKROOT = iphoneos;
				SWIFT_ACTIVE_COMPILATION_CONDITIONS = DEBUG;
				SWIFT_OPTIMIZATION_LEVEL = "-Onone";
			};
			name = Debug;
		};
		9469C9382517513900ED56FC /* Release */ = {
			isa = XCBuildConfiguration;
			buildSettings = {
				ALWAYS_SEARCH_USER_PATHS = NO;
				CLANG_ANALYZER_NONNULL = YES;
				CLANG_ANALYZER_NUMBER_OBJECT_CONVERSION = YES_AGGRESSIVE;
				CLANG_CXX_LANGUAGE_STANDARD = "gnu++14";
				CLANG_CXX_LIBRARY = "libc++";
				CLANG_ENABLE_MODULES = YES;
				CLANG_ENABLE_OBJC_ARC = YES;
				CLANG_ENABLE_OBJC_WEAK = YES;
				CLANG_WARN_BLOCK_CAPTURE_AUTORELEASING = YES;
				CLANG_WARN_BOOL_CONVERSION = YES;
				CLANG_WARN_COMMA = YES;
				CLANG_WARN_CONSTANT_CONVERSION = YES;
				CLANG_WARN_DEPRECATED_OBJC_IMPLEMENTATIONS = YES;
				CLANG_WARN_DIRECT_OBJC_ISA_USAGE = YES_ERROR;
				CLANG_WARN_DOCUMENTATION_COMMENTS = YES;
				CLANG_WARN_EMPTY_BODY = YES;
				CLANG_WARN_ENUM_CONVERSION = YES;
				CLANG_WARN_INFINITE_RECURSION = YES;
				CLANG_WARN_INT_CONVERSION = YES;
				CLANG_WARN_NON_LITERAL_NULL_CONVERSION = YES;
				CLANG_WARN_OBJC_IMPLICIT_RETAIN_SELF = YES;
				CLANG_WARN_OBJC_LITERAL_CONVERSION = YES;
				CLANG_WARN_OBJC_ROOT_CLASS = YES_ERROR;
				CLANG_WARN_QUOTED_INCLUDE_IN_FRAMEWORK_HEADER = YES;
				CLANG_WARN_RANGE_LOOP_ANALYSIS = YES;
				CLANG_WARN_STRICT_PROTOTYPES = YES;
				CLANG_WARN_SUSPICIOUS_MOVE = YES;
				CLANG_WARN_UNGUARDED_AVAILABILITY = YES_AGGRESSIVE;
				CLANG_WARN_UNREACHABLE_CODE = YES;
				CLANG_WARN__DUPLICATE_METHOD_MATCH = YES;
				COPY_PHASE_STRIP = NO;
				DEBUG_INFORMATION_FORMAT = "dwarf-with-dsym";
				ENABLE_NS_ASSERTIONS = NO;
				ENABLE_STRICT_OBJC_MSGSEND = YES;
				GCC_C_LANGUAGE_STANDARD = gnu11;
				GCC_NO_COMMON_BLOCKS = YES;
				GCC_WARN_64_TO_32_BIT_CONVERSION = YES;
				GCC_WARN_ABOUT_RETURN_TYPE = YES_ERROR;
				GCC_WARN_UNDECLARED_SELECTOR = YES;
				GCC_WARN_UNINITIALIZED_AUTOS = YES_AGGRESSIVE;
				GCC_WARN_UNUSED_FUNCTION = YES;
				GCC_WARN_UNUSED_VARIABLE = YES;
				IPHONEOS_DEPLOYMENT_TARGET = 14.0;
				MTL_ENABLE_DEBUG_INFO = NO;
				MTL_FAST_MATH = YES;
				SDKROOT = iphoneos;
				SWIFT_COMPILATION_MODE = wholemodule;
				SWIFT_OPTIMIZATION_LEVEL = "-O";
				VALIDATE_PRODUCT = YES;
			};
			name = Release;
		};
		9469C93A2517513900ED56FC /* Debug */ = {
			isa = XCBuildConfiguration;
			buildSettings = {
				ASSETCATALOG_COMPILER_APPICON_NAME = AppIcon;
				ASSETCATALOG_COMPILER_GLOBAL_ACCENT_COLOR_NAME = AccentColor;
				CODE_SIGN_STYLE = Automatic;
				INFOPLIST_FILE = TableViewDemo2/Info.plist;
				LD_RUNPATH_SEARCH_PATHS = (
					"$(inherited)",
					"@executable_path/Frameworks",
				);
				PRODUCT_BUNDLE_IDENTIFIER = com.yocto.TableViewDemo2;
				PRODUCT_NAME = "$(TARGET_NAME)";
				SWIFT_VERSION = 5.0;
				TARGETED_DEVICE_FAMILY = "1,2";
			};
			name = Debug;
		};
		9469C93B2517513900ED56FC /* Release */ = {
			isa = XCBuildConfiguration;
			buildSettings = {
				ASSETCATALOG_COMPILER_APPICON_NAME = AppIcon;
				ASSETCATALOG_COMPILER_GLOBAL_ACCENT_COLOR_NAME = AccentColor;
				CODE_SIGN_STYLE = Automatic;
				INFOPLIST_FILE = TableViewDemo2/Info.plist;
				LD_RUNPATH_SEARCH_PATHS = (
					"$(inherited)",
					"@executable_path/Frameworks",
				);
				PRODUCT_BUNDLE_IDENTIFIER = com.yocto.TableViewDemo2;
				PRODUCT_NAME = "$(TARGET_NAME)";
				SWIFT_VERSION = 5.0;
				TARGETED_DEVICE_FAMILY = "1,2";
			};
			name = Release;
		};
		9469C93D2517513900ED56FC /* Debug */ = {
			isa = XCBuildConfiguration;
			buildSettings = {
				ALWAYS_EMBED_SWIFT_STANDARD_LIBRARIES = YES;
				BUNDLE_LOADER = "$(TEST_HOST)";
				CODE_SIGN_STYLE = Automatic;
				INFOPLIST_FILE = TableViewDemo2Tests/Info.plist;
				IPHONEOS_DEPLOYMENT_TARGET = 14.0;
				LD_RUNPATH_SEARCH_PATHS = (
					"$(inherited)",
					"@executable_path/Frameworks",
					"@loader_path/Frameworks",
				);
				PRODUCT_BUNDLE_IDENTIFIER = com.yocto.TableViewDemo2Tests;
				PRODUCT_NAME = "$(TARGET_NAME)";
				SWIFT_VERSION = 5.0;
				TARGETED_DEVICE_FAMILY = "1,2";
				TEST_HOST = "$(BUILT_PRODUCTS_DIR)/TableViewDemo2.app/TableViewDemo2";
			};
			name = Debug;
		};
		9469C93E2517513900ED56FC /* Release */ = {
			isa = XCBuildConfiguration;
			buildSettings = {
				ALWAYS_EMBED_SWIFT_STANDARD_LIBRARIES = YES;
				BUNDLE_LOADER = "$(TEST_HOST)";
				CODE_SIGN_STYLE = Automatic;
				INFOPLIST_FILE = TableViewDemo2Tests/Info.plist;
				IPHONEOS_DEPLOYMENT_TARGET = 14.0;
				LD_RUNPATH_SEARCH_PATHS = (
					"$(inherited)",
					"@executable_path/Frameworks",
					"@loader_path/Frameworks",
				);
				PRODUCT_BUNDLE_IDENTIFIER = com.yocto.TableViewDemo2Tests;
				PRODUCT_NAME = "$(TARGET_NAME)";
				SWIFT_VERSION = 5.0;
				TARGETED_DEVICE_FAMILY = "1,2";
				TEST_HOST = "$(BUILT_PRODUCTS_DIR)/TableViewDemo2.app/TableViewDemo2";
			};
			name = Release;
		};
		9469C9402517513900ED56FC /* Debug */ = {
			isa = XCBuildConfiguration;
			buildSettings = {
				ALWAYS_EMBED_SWIFT_STANDARD_LIBRARIES = YES;
				CODE_SIGN_STYLE = Automatic;
				INFOPLIST_FILE = TableViewDemo2UITests/Info.plist;
				LD_RUNPATH_SEARCH_PATHS = (
					"$(inherited)",
					"@executable_path/Frameworks",
					"@loader_path/Frameworks",
				);
				PRODUCT_BUNDLE_IDENTIFIER = com.yocto.TableViewDemo2UITests;
				PRODUCT_NAME = "$(TARGET_NAME)";
				SWIFT_VERSION = 5.0;
				TARGETED_DEVICE_FAMILY = "1,2";
				TEST_TARGET_NAME = TableViewDemo2;
			};
			name = Debug;
		};
		9469C9412517513900ED56FC /* Release */ = {
			isa = XCBuildConfiguration;
			buildSettings = {
				ALWAYS_EMBED_SWIFT_STANDARD_LIBRARIES = YES;
				CODE_SIGN_STYLE = Automatic;
				INFOPLIST_FILE = TableViewDemo2UITests/Info.plist;
				LD_RUNPATH_SEARCH_PATHS = (
					"$(inherited)",
					"@executable_path/Frameworks",
					"@loader_path/Frameworks",
				);
				PRODUCT_BUNDLE_IDENTIFIER = com.yocto.TableViewDemo2UITests;
				PRODUCT_NAME = "$(TARGET_NAME)";
				SWIFT_VERSION = 5.0;
				TARGETED_DEVICE_FAMILY = "1,2";
				TEST_TARGET_NAME = TableViewDemo2;
			};
			name = Release;
		};
/* End XCBuildConfiguration section */

/* Begin XCConfigurationList section */
		9469C90A2517513800ED56FC /* Build configuration list for PBXProject "TableViewDemo2" */ = {
			isa = XCConfigurationList;
			buildConfigurations = (
				9469C9372517513900ED56FC /* Debug */,
				9469C9382517513900ED56FC /* Release */,
			);
			defaultConfigurationIsVisible = 0;
			defaultConfigurationName = Release;
		};
		9469C9392517513900ED56FC /* Build configuration list for PBXNativeTarget "TableViewDemo2" */ = {
			isa = XCConfigurationList;
			buildConfigurations = (
				9469C93A2517513900ED56FC /* Debug */,
				9469C93B2517513900ED56FC /* Release */,
			);
			defaultConfigurationIsVisible = 0;
			defaultConfigurationName = Release;
		};
		9469C93C2517513900ED56FC /* Build configuration list for PBXNativeTarget "TableViewDemo2Tests" */ = {
			isa = XCConfigurationList;
			buildConfigurations = (
				9469C93D2517513900ED56FC /* Debug */,
				9469C93E2517513900ED56FC /* Release */,
			);
			defaultConfigurationIsVisible = 0;
			defaultConfigurationName = Release;
		};
		9469C93F2517513900ED56FC /* Build configuration list for PBXNativeTarget "TableViewDemo2UITests" */ = {
			isa = XCConfigurationList;
			buildConfigurations = (
				9469C9402517513900ED56FC /* Debug */,
				9469C9412517513900ED56FC /* Release */,
			);
			defaultConfigurationIsVisible = 0;
			defaultConfigurationName = Release;
		};
/* End XCConfigurationList section */
	};
	rootObject = 9469C9072517513800ED56FC /* Project object */;
}
